# THIS IS AN AUTOGENERATED FILE. DO NOT EDIT THIS FILE DIRECTLY.
# yarn lockfile v1


"@mongodb-js/saslprep@^1.1.5":
  version "1.1.5"
  resolved "https://registry.npmjs.org/@mongodb-js/saslprep/-/saslprep-1.1.5.tgz"
  integrity sha512-XLNOMH66KhJzUJNwT/qlMnS4WsNDWD5ASdyaSH3EtK+F4r/CFGa3jT4GNi4mfOitGvWXtdLgQJkQjxSVrio+jA==
  dependencies:
    sparse-bitfield "^3.0.3"

"@types/luxon@^3.4.2":
  version "3.4.2"
  resolved "https://registry.npmjs.org/@types/luxon/-/luxon-3.4.2.tgz"
  integrity sha512-TifLZlFudklWlMBfhubvgqTXRzLDI5pCbGa4P8a3wPyUQSW+1xQ5eDsreP9DWHX3tjq1ke96uYG/nwundroWcA==

"@types/mongoose@^5.11.97":
  version "5.11.97"
  resolved "https://registry.npmjs.org/@types/mongoose/-/mongoose-5.11.97.tgz"
  integrity sha512-cqwOVYT3qXyLiGw7ueU2kX9noE8DPGRY6z8eUxudhXY8NZ7DMKYAxyZkLSevGfhCX3dO/AoX5/SO9lAzfjon0Q==
  dependencies:
    mongoose "*"

"@types/node@^20.12.7":
  version "20.12.7"
  resolved "https://registry.npmjs.org/@types/node/-/node-20.12.7.tgz"
  integrity sha512-wq0cICSkRLVaf3UGLMGItu/PtdY7oaXaI/RVU+xliKVOtRna3PRY57ZDfztpDL0n11vfymMUnXv8QwYCO7L1wg==
  dependencies:
    undici-types "~5.26.4"

"@types/webidl-conversions@*":
  version "7.0.3"
  resolved "https://registry.npmjs.org/@types/webidl-conversions/-/webidl-conversions-7.0.3.tgz"
  integrity sha512-CiJJvcRtIgzadHCYXw7dqEnMNRjhGZlYK05Mj9OyktqV8uVT8fD2BFOB7S1uwBE3Kj2Z+4UyPmFw/Ixgw/LAlA==

"@types/whatwg-url@^11.0.2":
  version "11.0.4"
  resolved "https://registry.npmjs.org/@types/whatwg-url/-/whatwg-url-11.0.4.tgz"
  integrity sha512-lXCmTWSHJvf0TRSO58nm978b8HJ/EdsSsEKLd3ODHFjo+3VGAyyTp4v50nWvwtzBxSMQrVOK7tcuN0zGPLICMw==
  dependencies:
    "@types/webidl-conversions" "*"

bson@^6.4.0, bson@^6.5.0:
  version "6.6.0"
  resolved "https://registry.npmjs.org/bson/-/bson-6.6.0.tgz"
  integrity sha512-BVINv2SgcMjL4oYbBuCQTpE3/VKOSxrOA8Cj/wQP7izSzlBGVomdm+TcUd0Pzy0ytLSSDweCKQ6X3f5veM5LQA==

buffer-equal-constant-time@1.0.1:
  version "1.0.1"
  resolved "https://registry.npmjs.org/buffer-equal-constant-time/-/buffer-equal-constant-time-1.0.1.tgz"
  integrity sha512-zRpUiDwd/xk6ADqPMATG8vc9VPrkck7T07OIx0gnjmJAnHnTVXNQG3vfvWNuiZIkwu9KrKdA1iJKfsfTVxE6NA==

debug@4.x:
  version "4.3.4"
  resolved "https://registry.npmjs.org/debug/-/debug-4.3.4.tgz"
  integrity sha512-PRWFHuSU3eDtQJPvnNY7Jcket1j0t5OuOsFzPPzsekD52Zl8qUfFIPEiswXqIvHWGVHOgX+7G/vCNNhehwxfkQ==
  dependencies:
    ms "2.1.2"

ecdsa-sig-formatter@1.0.11:
  version "1.0.11"
  resolved "https://registry.npmjs.org/ecdsa-sig-formatter/-/ecdsa-sig-formatter-1.0.11.tgz"
  integrity sha512-nagl3RYrbNv6kQkeJIpt6NJZy8twLB/2vtz6yN9Z4vRKHN4/QZJIEbqohALSgwKdnksuY3k5Addp5lg8sVoVcQ==
  dependencies:
    safe-buffer "^5.0.1"

jsonwebtoken@^9.0.2:
  version "9.0.2"
  resolved "https://registry.npmjs.org/jsonwebtoken/-/jsonwebtoken-9.0.2.tgz"
  integrity sha512-PRp66vJ865SSqOlgqS8hujT5U4AOgMfhrwYIuIhfKaoSCZcirrmASQr8CX7cUg+RMih+hgznrjp99o+W4pJLHQ==
  dependencies:
    jws "^3.2.2"
    lodash.includes "^4.3.0"
    lodash.isboolean "^3.0.3"
    lodash.isinteger "^4.0.4"
    lodash.isnumber "^3.0.3"
    lodash.isplainobject "^4.0.6"
    lodash.isstring "^4.0.1"
    lodash.once "^4.0.0"
    ms "^2.1.1"
    semver "^7.5.4"

jwa@^1.4.1:
  version "1.4.1"
  resolved "https://registry.npmjs.org/jwa/-/jwa-1.4.1.tgz"
  integrity sha512-qiLX/xhEEFKUAJ6FiBMbes3w9ATzyk5W7Hvzpa/SLYdxNtng+gcurvrI7TbACjIXlsJyr05/S1oUhZrc63evQA==
  dependencies:
    buffer-equal-constant-time "1.0.1"
    ecdsa-sig-formatter "1.0.11"
    safe-buffer "^5.0.1"

jws@^3.2.2:
  version "3.2.2"
  resolved "https://registry.npmjs.org/jws/-/jws-3.2.2.tgz"
  integrity sha512-YHlZCB6lMTllWDtSPHz/ZXTsi8S00usEV6v1tjq8tOUZzw7DpSDWVXjXDre6ed1w/pd495ODpHZYSdkRTsa0HA==
  dependencies:
    jwa "^1.4.1"
    safe-buffer "^5.0.1"

kareem@2.6.3:
  version "2.6.3"
  resolved "https://registry.npmjs.org/kareem/-/kareem-2.6.3.tgz"
  integrity sha512-C3iHfuGUXK2u8/ipq9LfjFfXFxAZMQJJq7vLS45r3D9Y2xQ/m4S8zaR4zMLFWh9AsNPXmcFfUDhTEO8UIC/V6Q==

lodash.includes@^4.3.0:
  version "4.3.0"
  resolved "https://registry.npmjs.org/lodash.includes/-/lodash.includes-4.3.0.tgz"
  integrity sha512-W3Bx6mdkRTGtlJISOvVD/lbqjTlPPUDTMnlXZFnVwi9NKJ6tiAk6LVdlhZMm17VZisqhKcgzpO5Wz91PCt5b0w==

lodash.isboolean@^3.0.3:
  version "3.0.3"
  resolved "https://registry.npmjs.org/lodash.isboolean/-/lodash.isboolean-3.0.3.tgz"
  integrity sha512-Bz5mupy2SVbPHURB98VAcw+aHh4vRV5IPNhILUCsOzRmsTmSQ17jIuqopAentWoehktxGd9e/hbIXq980/1QJg==

lodash.isinteger@^4.0.4:
  version "4.0.4"
  resolved "https://registry.npmjs.org/lodash.isinteger/-/lodash.isinteger-4.0.4.tgz"
  integrity sha512-DBwtEWN2caHQ9/imiNeEA5ys1JoRtRfY3d7V9wkqtbycnAmTvRRmbHKDV4a0EYc678/dia0jrte4tjYwVBaZUA==

lodash.isnumber@^3.0.3:
  version "3.0.3"
  resolved "https://registry.npmjs.org/lodash.isnumber/-/lodash.isnumber-3.0.3.tgz"
  integrity sha512-QYqzpfwO3/CWf3XP+Z+tkQsfaLL/EnUlXWVkIk5FUPc4sBdTehEqZONuyRt2P67PXAk+NXmTBcc97zw9t1FQrw==

lodash.isplainobject@^4.0.6:
  version "4.0.6"
  resolved "https://registry.npmjs.org/lodash.isplainobject/-/lodash.isplainobject-4.0.6.tgz"
  integrity sha512-oSXzaWypCMHkPC3NvBEaPHf0KsA5mvPrOPgQWDsbg8n7orZ290M0BmC/jgRZ4vcJ6DTAhjrsSYgdsW/F+MFOBA==

lodash.isstring@^4.0.1:
  version "4.0.1"
  resolved "https://registry.npmjs.org/lodash.isstring/-/lodash.isstring-4.0.1.tgz"
  integrity sha512-0wJxfxH1wgO3GrbuP+dTTk7op+6L41QCXbGINEmD+ny/G/eCqGzxyCsh7159S+mgDDcoarnBw6PC1PS5+wUGgw==

lodash.once@^4.0.0:
  version "4.1.1"
  resolved "https://registry.npmjs.org/lodash.once/-/lodash.once-4.1.1.tgz"
  integrity sha512-Sb487aTOCr9drQVL8pIxOzVhafOjZN9UU54hiN8PU3uAiSV7lx1yYNpbNmex2PK6dSJoNTSJUUswT651yww3Mg==

lru-cache@^6.0.0:
  version "6.0.0"
  resolved "https://registry.npmjs.org/lru-cache/-/lru-cache-6.0.0.tgz"
  integrity sha512-Jo6dJ04CmSjuznwJSS3pUeWmd/H0ffTlkXXgwZi+eq1UCmqQwCh+eLsYOYCwY991i2Fah4h1BEMCx4qThGbsiA==
  dependencies:
    yallist "^4.0.0"

memory-pager@^1.0.2:
  version "1.5.0"
  resolved "https://registry.npmjs.org/memory-pager/-/memory-pager-1.5.0.tgz"
  integrity sha512-ZS4Bp4r/Zoeq6+NLJpP+0Zzm0pR8whtGPf1XExKLJBAczGMnSi3It14OiNCStjQjM6NU1okjQGSxgEZN8eBYKg==

mongodb-connection-string-url@^3.0.0:
  version "3.0.0"
  resolved "https://registry.npmjs.org/mongodb-connection-string-url/-/mongodb-connection-string-url-3.0.0.tgz"
  integrity sha512-t1Vf+m1I5hC2M5RJx/7AtxgABy1cZmIPQRMXw+gEIPn/cZNF3Oiy+l0UIypUwVB5trcWHq3crg2g3uAR9aAwsQ==
  dependencies:
    "@types/whatwg-url" "^11.0.2"
    whatwg-url "^13.0.0"

mongodb@6.5.0:
  version "6.5.0"
  resolved "https://registry.npmjs.org/mongodb/-/mongodb-6.5.0.tgz"
  integrity sha512-Fozq68InT+JKABGLqctgtb8P56pRrJFkbhW0ux+x1mdHeyinor8oNzJqwLjV/t5X5nJGfTlluxfyMnOXNggIUA==
  dependencies:
    "@mongodb-js/saslprep" "^1.1.5"
    bson "^6.4.0"
    mongodb-connection-string-url "^3.0.0"

mongoose@*:
  version "8.3.2"
  resolved "https://registry.npmjs.org/mongoose/-/mongoose-8.3.2.tgz"
  integrity sha512-3JcpDjFI25cF/3xpu+4+9nM0lURQTNLcP86X83+LvuICdn453QQLmhSrUr2IPM/ffLiDE9KPl9slNb2s0hZPpg==
  dependencies:
    bson "^6.5.0"
    kareem "2.6.3"
    mongodb "6.5.0"
    mpath "0.9.0"
    mquery "5.0.0"
    ms "2.1.3"
    sift "16.0.1"

mpath@0.9.0:
  version "0.9.0"
  resolved "https://registry.npmjs.org/mpath/-/mpath-0.9.0.tgz"
  integrity sha512-ikJRQTk8hw5DEoFVxHG1Gn9T/xcjtdnOKIU1JTmGjZZlg9LST2mBLmcX3/ICIbgJydT2GOc15RnNy5mHmzfSew==

mquery@5.0.0:
  version "5.0.0"
  resolved "https://registry.npmjs.org/mquery/-/mquery-5.0.0.tgz"
  integrity sha512-iQMncpmEK8R8ncT8HJGsGc9Dsp8xcgYMVSbs5jgnm1lFHTZqMJTUWTDx1LBO8+mK3tPNZWFLBghQEIOULSTHZg==
  dependencies:
    debug "4.x"

ms@^2.1.1, ms@2.1.3:
  version "2.1.3"
  resolved "https://registry.npmjs.org/ms/-/ms-2.1.3.tgz"
  integrity sha512-6FlzubTLZG3J2a/NVCAleEhjzq5oxgHyaCU9yYXvcLsvoVaHJq/s5xXI6/XXP6tz7R9xAOtHnSO/tXtF3WRTlA==

ms@2.1.2:
  version "2.1.2"
  resolved "https://registry.npmjs.org/ms/-/ms-2.1.2.tgz"
  integrity sha512-sGkPx+VjMtmA6MX27oA4FBFELFCZZ4S4XqeGOXCv68tT+jb3vk/RyaKWP0PTKyWtmLSM0b+adUTEvbs1PEaH2w==

punycode@^2.3.0:
  version "2.3.1"
  resolved "https://registry.npmjs.org/punycode/-/punycode-2.3.1.tgz"
  integrity sha512-vYt7UD1U9Wg6138shLtLOvdAu+8DsC/ilFtEVHcH+wydcSpNE20AfSOduf6MkRFahL5FY7X1oU7nKVZFtfq8Fg==

safe-buffer@^5.0.1:
  version "5.2.1"
  resolved "https://registry.npmjs.org/safe-buffer/-/safe-buffer-5.2.1.tgz"
  integrity sha512-rp3So07KcdmmKbGvgaNxQSJr7bGVSVk5S9Eq1F+ppbRo70+YeaDxkw5Dd8NPN+GD6bjnYm2VuPuCXmpuYvmCXQ==

semver@^7.5.4:
  version "7.6.0"
  resolved "https://registry.npmjs.org/semver/-/semver-7.6.0.tgz"
  integrity sha512-EnwXhrlwXMk9gKu5/flx5sv/an57AkRplG3hTK68W7FRDN+k+OWBj65M7719OkA82XLBxrcX0KSHj+X5COhOVg==
  dependencies:
    lru-cache "^6.0.0"

sift@16.0.1:
  version "16.0.1"
  resolved "https://registry.npmjs.org/sift/-/sift-16.0.1.tgz"
  integrity sha512-Wv6BjQ5zbhW7VFefWusVP33T/EM0vYikCaQ2qR8yULbsilAT8/wQaXvuQ3ptGLpoKx+lihJE3y2UTgKDyyNHZQ==

sparse-bitfield@^3.0.3:
  version "3.0.3"
  resolved "https://registry.npmjs.org/sparse-bitfield/-/sparse-bitfield-3.0.3.tgz"
  integrity sha512-kvzhi7vqKTfkh0PZU+2D2PIllw2ymqJKujUcyPMd9Y75Nv4nPbGJZXNhxsgdQab2BmlDct1YnfQCguEvHr7VsQ==
  dependencies:
    memory-pager "^1.0.2"

tr46@^4.1.1:
  version "4.1.1"
  resolved "https://registry.npmjs.org/tr46/-/tr46-4.1.1.tgz"
  integrity sha512-2lv/66T7e5yNyhAAC4NaKe5nVavzuGJQVVtRYLyQ2OI8tsJ61PMLlelehb0wi2Hx6+hT/OJUWZcw8MjlSRnxvw==
  dependencies:
    punycode "^2.3.0"

undici-types@~5.26.4:
  version "5.26.5"
  resolved "https://registry.npmjs.org/undici-types/-/undici-types-5.26.5.tgz"
  integrity sha512-JlCMO+ehdEIKqlFxk6IfVoAUVmgz7cU7zD/h9XZ0qzeosSHmUJVOzSQvvYSYWXkFXC+IfLKSIffhv0sVZup6pA==

webidl-conversions@^7.0.0:
  version "7.0.0"
  resolved "https://registry.npmjs.org/webidl-conversions/-/webidl-conversions-7.0.0.tgz"
  integrity sha512-VwddBukDzu71offAQR975unBIGqfKZpM+8ZX6ySk8nYhVoo5CYaZyzt3YBvYtRtO+aoGlqxPg/B87NGVZ/fu6g==

whatwg-url@^13.0.0:
  version "13.0.0"
  resolved "https://registry.npmjs.org/whatwg-url/-/whatwg-url-13.0.0.tgz"
  integrity sha512-9WWbymnqj57+XEuqADHrCJ2eSXzn8WXIW/YSGaZtb2WKAInQ6CHfaUUcTyyver0p8BDg5StLQq8h1vtZuwmOig==
  dependencies:
    tr46 "^4.1.1"
    webidl-conversions "^7.0.0"

yallist@^4.0.0:
  version "4.0.0"
  resolved "https://registry.npmjs.org/yallist/-/yallist-4.0.0.tgz"
  integrity sha512-3wdGidZyq5PB084XLES5TpOSRA3wjXAlIWMhum2kRcv/41Sn2emQ0dycQW4uZXLejwKvg6EsvbdlVL+FYEct7A==
